
Microsoft Visual Studio Solution File, Format Version 12.00
# Visual Studio 2012
Project("{FAE04EC0-301F-11D3-BF4B-00C04F79EFBC}") = "Obfuscar", "Obfuscar.csproj", "{F28CDDFF-5A7A-413E-809E-15FFB8766E86}"
EndProject
Project("{FAE04EC0-301F-11D3-BF4B-00C04F79EFBC}") = "Obfuscar.exe", "Program\Obfuscar.exe.csproj", "{275B3EED-7E70-4460-950F-96EDCA099BD4}"
EndProject
Project("{FAE04EC0-301F-11D3-BF4B-00C04F79EFBC}") = "ObfuscarTests", "ObfuscarTests\ObfuscarTests.csproj", "{FD20FE24-37FE-46D0-ADBF-2B54D2874C2A}"
EndProject
Project("{FAE04EC0-301F-11D3-BF4B-00C04F79EFBC}") = "Mono.Cecil", "..\cecil\Mono.Cecil.csproj", "{D68133BD-1E63-496E-9EDE-4FBDBF77B486}"
EndProject
Project("{FAE04EC0-301F-11D3-BF4B-00C04F79EFBC}") = "Mono.Cecil.Pdb", "..\cecil\symbols\pdb\Mono.Cecil.Pdb.csproj", "{63E6915C-7EA4-4D76-AB28-0D7191EEA626}"
EndProject
Project("{2150E333-8FDC-42A3-9474-1A3956D46DE8}") = ".nuget", ".nuget", "{65D27ECD-E8FC-47CB-8CB0-819627673662}"
	ProjectSection(SolutionItems) = preProject
		.nuget\NuGet.Config = .nuget\NuGet.Config
		.nuget\NuGet.exe = .nuget\NuGet.exe
		.nuget\NuGet.targets = .nuget\NuGet.targets
	EndProjectSection
EndProject
Global
	GlobalSection(SolutionConfigurationPlatforms) = preSolution
		Debug|Any CPU = Debug|Any CPU
		net_2_0_Debug|Any CPU = net_2_0_Debug|Any CPU
		net_2_0_Release|Any CPU = net_2_0_Release|Any CPU
		net_3_5_Debug|Any CPU = net_3_5_Debug|Any CPU
		net_3_5_Release|Any CPU = net_3_5_Release|Any CPU
		net_4_0_Debug|Any CPU = net_4_0_Debug|Any CPU
		net_4_0_Release|Any CPU = net_4_0_Release|Any CPU
		Release|Any CPU = Release|Any CPU
		silverlight_Debug|Any CPU = silverlight_Debug|Any CPU
		silverlight_Release|Any CPU = silverlight_Release|Any CPU
		winphone_Debug|Any CPU = winphone_Debug|Any CPU
		winphone_Release|Any CPU = winphone_Release|Any CPU
	EndGlobalSection
	GlobalSection(ProjectConfigurationPlatforms) = postSolution
		{F28CDDFF-5A7A-413E-809E-15FFB8766E86}.Debug|Any CPU.ActiveCfg = Debug|Any CPU
		{F28CDDFF-5A7A-413E-809E-15FFB8766E86}.Debug|Any CPU.Build.0 = Debug|Any CPU
		{F28CDDFF-5A7A-413E-809E-15FFB8766E86}.net_2_0_Debug|Any CPU.ActiveCfg = Debug|Any CPU
		{F28CDDFF-5A7A-413E-809E-15FFB8766E86}.net_2_0_Debug|Any CPU.Build.0 = Debug|Any CPU
		{F28CDDFF-5A7A-413E-809E-15FFB8766E86}.net_2_0_Release|Any CPU.ActiveCfg = Release|Any CPU
		{F28CDDFF-5A7A-413E-809E-15FFB8766E86}.net_2_0_Release|Any CPU.Build.0 = Release|Any CPU
		{F28CDDFF-5A7A-413E-809E-15FFB8766E86}.net_3_5_Debug|Any CPU.ActiveCfg = Debug|Any CPU
		{F28CDDFF-5A7A-413E-809E-15FFB8766E86}.net_3_5_Debug|Any CPU.Build.0 = Debug|Any CPU
		{F28CDDFF-5A7A-413E-809E-15FFB8766E86}.net_3_5_Release|Any CPU.ActiveCfg = Release|Any CPU
		{F28CDDFF-5A7A-413E-809E-15FFB8766E86}.net_3_5_Release|Any CPU.Build.0 = Release|Any CPU
		{F28CDDFF-5A7A-413E-809E-15FFB8766E86}.net_4_0_Debug|Any CPU.ActiveCfg = Debug|Any CPU
		{F28CDDFF-5A7A-413E-809E-15FFB8766E86}.net_4_0_Debug|Any CPU.Build.0 = Debug|Any CPU
		{F28CDDFF-5A7A-413E-809E-15FFB8766E86}.net_4_0_Release|Any CPU.ActiveCfg = Release|Any CPU
		{F28CDDFF-5A7A-413E-809E-15FFB8766E86}.net_4_0_Release|Any CPU.Build.0 = Release|Any CPU
		{F28CDDFF-5A7A-413E-809E-15FFB8766E86}.Release|Any CPU.ActiveCfg = Release|Any CPU
		{F28CDDFF-5A7A-413E-809E-15FFB8766E86}.Release|Any CPU.Build.0 = Release|Any CPU
		{F28CDDFF-5A7A-413E-809E-15FFB8766E86}.silverlight_Debug|Any CPU.ActiveCfg = Debug|Any CPU
		{F28CDDFF-5A7A-413E-809E-15FFB8766E86}.silverlight_Debug|Any CPU.Build.0 = Debug|Any CPU
		{F28CDDFF-5A7A-413E-809E-15FFB8766E86}.silverlight_Release|Any CPU.ActiveCfg = Release|Any CPU
		{F28CDDFF-5A7A-413E-809E-15FFB8766E86}.silverlight_Release|Any CPU.Build.0 = Release|Any CPU
		{F28CDDFF-5A7A-413E-809E-15FFB8766E86}.winphone_Debug|Any CPU.ActiveCfg = Debug|Any CPU
		{F28CDDFF-5A7A-413E-809E-15FFB8766E86}.winphone_Debug|Any CPU.Build.0 = Debug|Any CPU
		{F28CDDFF-5A7A-413E-809E-15FFB8766E86}.winphone_Release|Any CPU.ActiveCfg = Release|Any CPU
		{F28CDDFF-5A7A-413E-809E-15FFB8766E86}.winphone_Release|Any CPU.Build.0 = Release|Any CPU
		{275B3EED-7E70-4460-950F-96EDCA099BD4}.Debug|Any CPU.ActiveCfg = Debug|Any CPU
		{275B3EED-7E70-4460-950F-96EDCA099BD4}.Debug|Any CPU.Build.0 = Debug|Any CPU
		{275B3EED-7E70-4460-950F-96EDCA099BD4}.net_2_0_Debug|Any CPU.ActiveCfg = Debug|Any CPU
		{275B3EED-7E70-4460-950F-96EDCA099BD4}.net_2_0_Debug|Any CPU.Build.0 = Debug|Any CPU
		{275B3EED-7E70-4460-950F-96EDCA099BD4}.net_2_0_Release|Any CPU.ActiveCfg = Release|Any CPU
		{275B3EED-7E70-4460-950F-96EDCA099BD4}.net_2_0_Release|Any CPU.Build.0 = Release|Any CPU
		{275B3EED-7E70-4460-950F-96EDCA099BD4}.net_3_5_Debug|Any CPU.ActiveCfg = Debug|Any CPU
		{275B3EED-7E70-4460-950F-96EDCA099BD4}.net_3_5_Debug|Any CPU.Build.0 = Debug|Any CPU
		{275B3EED-7E70-4460-950F-96EDCA099BD4}.net_3_5_Release|Any CPU.ActiveCfg = Release|Any CPU
		{275B3EED-7E70-4460-950F-96EDCA099BD4}.net_3_5_Release|Any CPU.Build.0 = Release|Any CPU
		{275B3EED-7E70-4460-950F-96EDCA099BD4}.net_4_0_Debug|Any CPU.ActiveCfg = Debug|Any CPU
		{275B3EED-7E70-4460-950F-96EDCA099BD4}.net_4_0_Debug|Any CPU.Build.0 = Debug|Any CPU
		{275B3EED-7E70-4460-950F-96EDCA099BD4}.net_4_0_Release|Any CPU.ActiveCfg = Release|Any CPU
		{275B3EED-7E70-4460-950F-96EDCA099BD4}.net_4_0_Release|Any CPU.Build.0 = Release|Any CPU
		{275B3EED-7E70-4460-950F-96EDCA099BD4}.Release|Any CPU.ActiveCfg = Release|Any CPU
		{275B3EED-7E70-4460-950F-96EDCA099BD4}.Release|Any CPU.Build.0 = Release|Any CPU
		{275B3EED-7E70-4460-950F-96EDCA099BD4}.silverlight_Debug|Any CPU.ActiveCfg = Debug|Any CPU
		{275B3EED-7E70-4460-950F-96EDCA099BD4}.silverlight_Debug|Any CPU.Build.0 = Debug|Any CPU
		{275B3EED-7E70-4460-950F-96EDCA099BD4}.silverlight_Release|Any CPU.ActiveCfg = Release|Any CPU
		{275B3EED-7E70-4460-950F-96EDCA099BD4}.silverlight_Release|Any CPU.Build.0 = Release|Any CPU
		{275B3EED-7E70-4460-950F-96EDCA099BD4}.winphone_Debug|Any CPU.ActiveCfg = Debug|Any CPU
		{275B3EED-7E70-4460-950F-96EDCA099BD4}.winphone_Debug|Any CPU.Build.0 = Debug|Any CPU
		{275B3EED-7E70-4460-950F-96EDCA099BD4}.winphone_Release|Any CPU.ActiveCfg = Release|Any CPU
		{275B3EED-7E70-4460-950F-96EDCA099BD4}.winphone_Release|Any CPU.Build.0 = Release|Any CPU
		{FD20FE24-37FE-46D0-ADBF-2B54D2874C2A}.Debug|Any CPU.ActiveCfg = Debug|Any CPU
		{FD20FE24-37FE-46D0-ADBF-2B54D2874C2A}.Debug|Any CPU.Build.0 = Debug|Any CPU
		{FD20FE24-37FE-46D0-ADBF-2B54D2874C2A}.net_2_0_Debug|Any CPU.ActiveCfg = Debug|Any CPU
		{FD20FE24-37FE-46D0-ADBF-2B54D2874C2A}.net_2_0_Release|Any CPU.ActiveCfg = Release|Any CPU
		{FD20FE24-37FE-46D0-ADBF-2B54D2874C2A}.net_3_5_Debug|Any CPU.ActiveCfg = Debug|Any CPU
		{FD20FE24-37FE-46D0-ADBF-2B54D2874C2A}.net_3_5_Release|Any CPU.ActiveCfg = Release|Any CPU
		{FD20FE24-37FE-46D0-ADBF-2B54D2874C2A}.net_4_0_Debug|Any CPU.ActiveCfg = Debug|Any CPU
		{FD20FE24-37FE-46D0-ADBF-2B54D2874C2A}.net_4_0_Release|Any CPU.ActiveCfg = Release|Any CPU
		{FD20FE24-37FE-46D0-ADBF-2B54D2874C2A}.Release|Any CPU.ActiveCfg = Release|Any CPU
		{FD20FE24-37FE-46D0-ADBF-2B54D2874C2A}.Release|Any CPU.Build.0 = Release|Any CPU
		{FD20FE24-37FE-46D0-ADBF-2B54D2874C2A}.silverlight_Debug|Any CPU.ActiveCfg = Debug|Any CPU
		{FD20FE24-37FE-46D0-ADBF-2B54D2874C2A}.silverlight_Release|Any CPU.ActiveCfg = Release|Any CPU
		{FD20FE24-37FE-46D0-ADBF-2B54D2874C2A}.winphone_Debug|Any CPU.ActiveCfg = Debug|Any CPU
		{FD20FE24-37FE-46D0-ADBF-2B54D2874C2A}.winphone_Release|Any CPU.ActiveCfg = Release|Any CPU
		{D68133BD-1E63-496E-9EDE-4FBDBF77B486}.Debug|Any CPU.ActiveCfg = net_4_0_Debug|Any CPU
		{D68133BD-1E63-496E-9EDE-4FBDBF77B486}.Debug|Any CPU.Build.0 = net_4_0_Debug|Any CPU
		{D68133BD-1E63-496E-9EDE-4FBDBF77B486}.net_2_0_Debug|Any CPU.ActiveCfg = net_2_0_Debug|Any CPU
		{D68133BD-1E63-496E-9EDE-4FBDBF77B486}.net_2_0_Debug|Any CPU.Build.0 = net_2_0_Debug|Any CPU
		{D68133BD-1E63-496E-9EDE-4FBDBF77B486}.net_2_0_Release|Any CPU.ActiveCfg = net_2_0_Release|Any CPU
		{D68133BD-1E63-496E-9EDE-4FBDBF77B486}.net_2_0_Release|Any CPU.Build.0 = net_2_0_Release|Any CPU
		{D68133BD-1E63-496E-9EDE-4FBDBF77B486}.net_3_5_Debug|Any CPU.ActiveCfg = net_3_5_Debug|Any CPU
		{D68133BD-1E63-496E-9EDE-4FBDBF77B486}.net_3_5_Debug|Any CPU.Build.0 = net_3_5_Debug|Any CPU
		{D68133BD-1E63-496E-9EDE-4FBDBF77B486}.net_3_5_Release|Any CPU.ActiveCfg = net_3_5_Release|Any CPU
		{D68133BD-1E63-496E-9EDE-4FBDBF77B486}.net_3_5_Release|Any CPU.Build.0 = net_3_5_Release|Any CPU
		{D68133BD-1E63-496E-9EDE-4FBDBF77B486}.net_4_0_Debug|Any CPU.ActiveCfg = net_4_0_Debug|Any CPU
		{D68133BD-1E63-496E-9EDE-4FBDBF77B486}.net_4_0_Debug|Any CPU.Build.0 = net_4_0_Debug|Any CPU
		{D68133BD-1E63-496E-9EDE-4FBDBF77B486}.net_4_0_Release|Any CPU.ActiveCfg = net_4_0_Release|Any CPU
		{D68133BD-1E63-496E-9EDE-4FBDBF77B486}.net_4_0_Release|Any CPU.Build.0 = net_4_0_Release|Any CPU
		{D68133BD-1E63-496E-9EDE-4FBDBF77B486}.Release|Any CPU.ActiveCfg = net_4_0_Release|Any CPU
		{D68133BD-1E63-496E-9EDE-4FBDBF77B486}.Release|Any CPU.Build.0 = winphone_Release|Any CPU
		{D68133BD-1E63-496E-9EDE-4FBDBF77B486}.silverlight_Debug|Any CPU.ActiveCfg = silverlight_Debug|Any CPU
		{D68133BD-1E63-496E-9EDE-4FBDBF77B486}.silverlight_Debug|Any CPU.Build.0 = silverlight_Debug|Any CPU
		{D68133BD-1E63-496E-9EDE-4FBDBF77B486}.silverlight_Release|Any CPU.ActiveCfg = silverlight_Release|Any CPU
		{D68133BD-1E63-496E-9EDE-4FBDBF77B486}.silverlight_Release|Any CPU.Build.0 = silverlight_Release|Any CPU
		{D68133BD-1E63-496E-9EDE-4FBDBF77B486}.winphone_Debug|Any CPU.ActiveCfg = winphone_Debug|Any CPU
		{D68133BD-1E63-496E-9EDE-4FBDBF77B486}.winphone_Debug|Any CPU.Build.0 = winphone_Debug|Any CPU
		{D68133BD-1E63-496E-9EDE-4FBDBF77B486}.winphone_Release|Any CPU.ActiveCfg = winphone_Release|Any CPU
		{D68133BD-1E63-496E-9EDE-4FBDBF77B486}.winphone_Release|Any CPU.Build.0 = winphone_Release|Any CPU
		{63E6915C-7EA4-4D76-AB28-0D7191EEA626}.Debug|Any CPU.ActiveCfg = net_4_0_Debug|Any CPU
		{63E6915C-7EA4-4D76-AB28-0D7191EEA626}.Debug|Any CPU.Build.0 = net_4_0_Debug|Any CPU
		{63E6915C-7EA4-4D76-AB28-0D7191EEA626}.net_2_0_Debug|Any CPU.ActiveCfg = net_2_0_Debug|Any CPU
		{63E6915C-7EA4-4D76-AB28-0D7191EEA626}.net_2_0_Debug|Any CPU.Build.0 = net_2_0_Debug|Any CPU
		{63E6915C-7EA4-4D76-AB28-0D7191EEA626}.net_2_0_Release|Any CPU.ActiveCfg = net_2_0_Release|Any CPU
		{63E6915C-7EA4-4D76-AB28-0D7191EEA626}.net_2_0_Release|Any CPU.Build.0 = net_2_0_Release|Any CPU
		{63E6915C-7EA4-4D76-AB28-0D7191EEA626}.net_3_5_Debug|Any CPU.ActiveCfg = net_3_5_Debug|Any CPU
		{63E6915C-7EA4-4D76-AB28-0D7191EEA626}.net_3_5_Debug|Any CPU.Build.0 = net_3_5_Debug|Any CPU
		{63E6915C-7EA4-4D76-AB28-0D7191EEA626}.net_3_5_Release|Any CPU.ActiveCfg = net_3_5_Release|Any CPU
		{63E6915C-7EA4-4D76-AB28-0D7191EEA626}.net_3_5_Release|Any CPU.Build.0 = net_3_5_Release|Any CPU
		{63E6915C-7EA4-4D76-AB28-0D7191EEA626}.net_4_0_Debug|Any CPU.ActiveCfg = net_4_0_Debug|Any CPU
		{63E6915C-7EA4-4D76-AB28-0D7191EEA626}.net_4_0_Debug|Any CPU.Build.0 = net_4_0_Debug|Any CPU
		{63E6915C-7EA4-4D76-AB28-0D7191EEA626}.net_4_0_Release|Any CPU.ActiveCfg = net_4_0_Release|Any CPU
		{63E6915C-7EA4-4D76-AB28-0D7191EEA626}.net_4_0_Release|Any CPU.Build.0 = net_4_0_Release|Any CPU
		{63E6915C-7EA4-4D76-AB28-0D7191EEA626}.Release|Any CPU.ActiveCfg = net_4_0_Release|Any CPU
		{63E6915C-7EA4-4D76-AB28-0D7191EEA626}.Release|Any CPU.Build.0 = net_4_0_Release|Any CPU
		{63E6915C-7EA4-4D76-AB28-0D7191EEA626}.silverlight_Debug|Any CPU.ActiveCfg = net_4_0_Release|Any CPU
		{63E6915C-7EA4-4D76-AB28-0D7191EEA626}.silverlight_Debug|Any CPU.Build.0 = net_4_0_Release|Any CPU
		{63E6915C-7EA4-4D76-AB28-0D7191EEA626}.silverlight_Release|Any CPU.ActiveCfg = net_4_0_Release|Any CPU
		{63E6915C-7EA4-4D76-AB28-0D7191EEA626}.silverlight_Release|Any CPU.Build.0 = net_4_0_Release|Any CPU
		{63E6915C-7EA4-4D76-AB28-0D7191EEA626}.winphone_Debug|Any CPU.ActiveCfg = net_4_0_Release|Any CPU
		{63E6915C-7EA4-4D76-AB28-0D7191EEA626}.winphone_Debug|Any CPU.Build.0 = net_4_0_Release|Any CPU
		{63E6915C-7EA4-4D76-AB28-0D7191EEA626}.winphone_Release|Any CPU.ActiveCfg = net_4_0_Release|Any CPU
		{63E6915C-7EA4-4D76-AB28-0D7191EEA626}.winphone_Release|Any CPU.Build.0 = net_4_0_Release|Any CPU
	EndGlobalSection
	GlobalSection(SolutionProperties) = preSolution
		HideSolutionNode = FALSE
	EndGlobalSection
	GlobalSection(MonoDevelopProperties) = preSolution
		StartupItem = Program\Obfuscar.exe.csproj
		Policies = $0
		$0.DotNetNamingPolicy = $1
		$1.DirectoryNamespaceAssociation = None
		$1.ResourceNamePolicy = FileFormatDefault
		$0.TextStylePolicy = $4
		$2.inheritsSet = null
		$2.scope = text/x-csharp
		$0.CSharpFormattingPolicy = $3
		$3.inheritsSet = Mono
		$3.inheritsScope = text/x-csharp
		$3.scope = text/x-csharp
		$4.FileWidth = 120
		$4.TabsToSpaces = False
		$4.EolMarker = Unix
		$4.inheritsSet = VisualStudio
		$4.inheritsScope = text/plain
		$4.scope = text/plain
	EndGlobalSection
EndGlobal
