
Microsoft Visual Studio Solution File, Format Version 10.00
# Visual Studio 2008
Project("{FAE04EC0-301F-11D3-BF4B-00C04F79EFBC}") = "Obfuscar", "Obfuscar.csproj", "{F28CDDFF-5A7A-413E-809E-15FFB8766E86}"
EndProject
Project("{FAE04EC0-301F-11D3-BF4B-00C04F79EFBC}") = "Obfuscar.exe", "Program\Obfuscar.exe.csproj", "{275B3EED-7E70-4460-950F-96EDCA099BD4}"
EndProject
Global
	GlobalSection(SolutionConfigurationPlatforms) = preSolution
		Debug|Any CPU = Debug|Any CPU
		Release|Any CPU = Release|Any CPU
	EndGlobalSection
	GlobalSection(ProjectConfigurationPlatforms) = postSolution
		{275B3EED-7E70-4460-950F-96EDCA099BD4}.Debug|Any CPU.ActiveCfg = Debug|Any CPU
		{275B3EED-7E70-4460-950F-96EDCA099BD4}.Debug|Any CPU.Build.0 = Debug|Any CPU
		{275B3EED-7E70-4460-950F-96EDCA099BD4}.Release|Any CPU.ActiveCfg = Release|Any CPU
		{275B3EED-7E70-4460-950F-96EDCA099BD4}.Release|Any CPU.Build.0 = Release|Any CPU
		{F28CDDFF-5A7A-413E-809E-15FFB8766E86}.Debug|Any CPU.ActiveCfg = Debug|Any CPU
		{F28CDDFF-5A7A-413E-809E-15FFB8766E86}.Debug|Any CPU.Build.0 = Debug|Any CPU
		{F28CDDFF-5A7A-413E-809E-15FFB8766E86}.Release|Any CPU.ActiveCfg = Release|Any CPU
		{F28CDDFF-5A7A-413E-809E-15FFB8766E86}.Release|Any CPU.Build.0 = Release|Any CPU
	EndGlobalSection
	GlobalSection(MonoDevelopProperties) = preSolution
		StartupItem = Program\Obfuscar.exe.csproj
		Policies = $0
		$0.DotNetNamingPolicy = $1
		$1.DirectoryNamespaceAssociation = None
		$1.ResourceNamePolicy = FileFormatDefault
		$0.TextStylePolicy = $2
		$2.inheritsSet = null
		$2.scope = text/x-csharp
		$0.CSharpFormattingPolicy = $3
		$3.inheritsSet = Mono
		$3.inheritsScope = text/x-csharp
		$3.scope = text/x-csharp
		$0.TextStylePolicy = $4
		$4.FileWidth = 120
		$4.TabsToSpaces = False
		$4.EolMarker = Unix
		$4.inheritsSet = VisualStudio
		$4.inheritsScope = text/plain
		$4.scope = text/plain
	EndGlobalSection
	GlobalSection(SolutionProperties) = preSolution
		HideSolutionNode = FALSE
	EndGlobalSection
EndGlobal
